
Microsoft Visual Studio Solution File, Format Version 12.00
# Visual Studio Version 17
VisualStudioVersion = 17.9.34728.123
MinimumVisualStudioVersion = 10.0.40219.1
Project("{FAE04EC0-301F-11D3-BF4B-00C04F79EFBC}") = "AcademicSupport.Api", "AcademicSupport.Api.csproj", "{643BEE50-014A-4A5B-A160-865BD60B1598}"
EndProject
Global
	GlobalSection(SolutionConfigurationPlatforms) = preSolution
		Debug|Any CPU = Debug|Any CPU
		Release|Any CPU = Release|Any CPU
	EndGlobalSection
	GlobalSection(ProjectConfigurationPlatforms) = postSolution
		{643BEE50-014A-4A5B-A160-865BD60B1598}.Debug|Any CPU.ActiveCfg = Debug|Any CPU
		{643BEE50-014A-4A5B-A160-865BD60B1598}.Debug|Any CPU.Build.0 = Debug|Any CPU
		{643BEE50-014A-4A5B-A160-865BD60B1598}.Release|Any CPU.ActiveCfg = Release|Any CPU
		{643BEE50-014A-4A5B-A160-865BD60B1598}.Release|Any CPU.Build.0 = Release|Any CPU
	EndGlobalSection
	GlobalSection(SolutionProperties) = preSolution
		HideSolutionNode = FALSE
	EndGlobalSection
	GlobalSection(ExtensibilityGlobals) = postSolution
		SolutionGuid = {B197B34F-7C63-41EC-A79D-9B31BFF01BAF}
	EndGlobalSection
EndGlobal
